
Microsoft Visual Studio Solution File, Format Version 12.00
# Visual Studio Version 16
VisualStudioVersion = 16.0.30413.136
MinimumVisualStudioVersion = 10.0.40219.1
Project("{FAE04EC0-301F-11D3-BF4B-00C04F79EFBC}") = "FormApp", "FormApp\FormApp.csproj", "{1630DDB7-C966-47D0-903A-71C81C3328FA}"
EndProject
Project("{54435603-DBB4-11D2-8724-00A0C9A8B90C}") = "Setup1", "Setup1\Setup1.vdproj", "{CA889029-D940-48EC-8E38-C6292987C612}"
EndProject
Global
	GlobalSection(SolutionConfigurationPlatforms) = preSolution
		Debug|Any CPU = Debug|Any CPU
		Release|Any CPU = Release|Any CPU
	EndGlobalSection
	GlobalSection(ProjectConfigurationPlatforms) = postSolution
		{1630DDB7-C966-47D0-903A-71C81C3328FA}.Debug|Any CPU.ActiveCfg = Debug|Any CPU
		{1630DDB7-C966-47D0-903A-71C81C3328FA}.Debug|Any CPU.Build.0 = Debug|Any CPU
		{1630DDB7-C966-47D0-903A-71C81C3328FA}.Release|Any CPU.ActiveCfg = Release|Any CPU
		{1630DDB7-C966-47D0-903A-71C81C3328FA}.Release|Any CPU.Build.0 = Release|Any CPU
		{CA889029-D940-48EC-8E38-C6292987C612}.Debug|Any CPU.ActiveCfg = Debug
		{CA889029-D940-48EC-8E38-C6292987C612}.Release|Any CPU.ActiveCfg = Release
	EndGlobalSection
	GlobalSection(SolutionProperties) = preSolution
		HideSolutionNode = FALSE
	EndGlobalSection
	GlobalSection(ExtensibilityGlobals) = postSolution
		SolutionGuid = {5744800D-D9E6-4E21-9883-10276593BAD5}
	EndGlobalSection
EndGlobal
